{
  "requires": true,
  "lockfileVersion": 1,
  "dependencies": {
    "ly-tab": {
      "version": "2.1.2",
      "resolved": "https://registry.npmjs.org/ly-tab/-/ly-tab-2.1.2.tgz",
      "integrity": "sha512-OU3S6XO6LregFA/FO4SMEWLXQb+jfYag9DELqN5le4fIt0F1CMsPsIhQedJpyX+aQYDciBUvt1wMv5yLX5spIQ=="
    },
    "mint-ui": {
      "version": "2.2.13",
      "resolved": "https://registry.npm.taobao.org/mint-ui/download/mint-ui-2.2.13.tgz",
      "requires": {
        "array-find-index": "^1.0.2",
        "raf.js": "0.0.4",
        "vue-lazyload": "^1.0.1"
      },
      "dependencies": {
        "array-find-index": {
          "version": "1.0.2",
          "resolved": "https://registry.npm.taobao.org/array-find-index/download/array-find-index-1.0.2.tgz"
        },
        "raf.js": {
          "version": "0.0.4",
          "resolved": "https://registry.npm.taobao.org/raf.js/download/raf.js-0.0.4.tgz"
        },
        "vue-lazyload": {
          "version": "1.3.3",
          "resolved": "https://registry.npm.taobao.org/vue-lazyload/download/vue-lazyload-1.3.3.tgz"
        }
      }
    }
  }
}
